
Microsoft Visual Studio Solution File, Format Version 12.00
# Visual Studio Version 17
VisualStudioVersion = 17.0.31903.59
MinimumVisualStudioVersion = 10.0.40219.1
Project("{FAE04EC0-301F-11D3-BF4B-00C04F79EFBC}") = "Day1.Tests", "Day1.Tests\Day1.Tests.csproj", "{5DB7620D-42F8-42ED-9757-29511F0A6A90}"
EndProject
Project("{FAE04EC0-301F-11D3-BF4B-00C04F79EFBC}") = "Day1.Core", "Day1.Core\Day1.Core.csproj", "{9E2D4A96-8F13-4B8E-A8F2-47F567C2DBAC}"
EndProject
Project("{FAE04EC0-301F-11D3-BF4B-00C04F79EFBC}") = "Day1.Console", "Day1.Console\Day1.Console.csproj", "{E1D4BD44-F13C-4ED9-8539-94C9171C29CB}"
EndProject
Global
	GlobalSection(SolutionConfigurationPlatforms) = preSolution
		Debug|Any CPU = Debug|Any CPU
		Release|Any CPU = Release|Any CPU
	EndGlobalSection
	GlobalSection(ProjectConfigurationPlatforms) = postSolution
		{5DB7620D-42F8-42ED-9757-29511F0A6A90}.Debug|Any CPU.ActiveCfg = Debug|Any CPU
		{5DB7620D-42F8-42ED-9757-29511F0A6A90}.Debug|Any CPU.Build.0 = Debug|Any CPU
		{5DB7620D-42F8-42ED-9757-29511F0A6A90}.Release|Any CPU.ActiveCfg = Release|Any CPU
		{5DB7620D-42F8-42ED-9757-29511F0A6A90}.Release|Any CPU.Build.0 = Release|Any CPU
		{9E2D4A96-8F13-4B8E-A8F2-47F567C2DBAC}.Debug|Any CPU.ActiveCfg = Debug|Any CPU
		{9E2D4A96-8F13-4B8E-A8F2-47F567C2DBAC}.Debug|Any CPU.Build.0 = Debug|Any CPU
		{9E2D4A96-8F13-4B8E-A8F2-47F567C2DBAC}.Release|Any CPU.ActiveCfg = Release|Any CPU
		{9E2D4A96-8F13-4B8E-A8F2-47F567C2DBAC}.Release|Any CPU.Build.0 = Release|Any CPU
		{E1D4BD44-F13C-4ED9-8539-94C9171C29CB}.Debug|Any CPU.ActiveCfg = Debug|Any CPU
		{E1D4BD44-F13C-4ED9-8539-94C9171C29CB}.Debug|Any CPU.Build.0 = Debug|Any CPU
		{E1D4BD44-F13C-4ED9-8539-94C9171C29CB}.Release|Any CPU.ActiveCfg = Release|Any CPU
		{E1D4BD44-F13C-4ED9-8539-94C9171C29CB}.Release|Any CPU.Build.0 = Release|Any CPU
	EndGlobalSection
	GlobalSection(SolutionProperties) = preSolution
		HideSolutionNode = FALSE
	EndGlobalSection
EndGlobal
